
Microsoft Visual Studio Solution File, Format Version 12.00
# Visual Studio Version 16
VisualStudioVersion = 16.0.31911.196
MinimumVisualStudioVersion = 10.0.40219.1
Project("{FAE04EC0-301F-11D3-BF4B-00C04F79EFBC}") = "ZabgcTool(SDK)", "ZabgcTool(SDK)\ZabgcTool(SDK).csproj", "{5BB5057A-BC01-438F-B2B5-0C19FC440836}"
EndProject
Project("{FAE04EC0-301F-11D3-BF4B-00C04F79EFBC}") = "OSSLogerZabgc", "OSSLogerZabgc\OSSLogerZabgc.csproj", "{AE51F96A-203A-4E9D-B33C-C1C287AD80BB}"
EndProject
Global
	GlobalSection(SolutionConfigurationPlatforms) = preSolution
		Debug|Any CPU = Debug|Any CPU
		Release|Any CPU = Release|Any CPU
	EndGlobalSection
	GlobalSection(ProjectConfigurationPlatforms) = postSolution
		{5BB5057A-BC01-438F-B2B5-0C19FC440836}.Debug|Any CPU.ActiveCfg = Debug|Any CPU
		{5BB5057A-BC01-438F-B2B5-0C19FC440836}.Debug|Any CPU.Build.0 = Debug|Any CPU
		{5BB5057A-BC01-438F-B2B5-0C19FC440836}.Release|Any CPU.ActiveCfg = Release|Any CPU
		{5BB5057A-BC01-438F-B2B5-0C19FC440836}.Release|Any CPU.Build.0 = Release|Any CPU
		{AE51F96A-203A-4E9D-B33C-C1C287AD80BB}.Debug|Any CPU.ActiveCfg = Debug|Any CPU
		{AE51F96A-203A-4E9D-B33C-C1C287AD80BB}.Debug|Any CPU.Build.0 = Debug|Any CPU
		{AE51F96A-203A-4E9D-B33C-C1C287AD80BB}.Release|Any CPU.ActiveCfg = Release|Any CPU
		{AE51F96A-203A-4E9D-B33C-C1C287AD80BB}.Release|Any CPU.Build.0 = Release|Any CPU
	EndGlobalSection
	GlobalSection(SolutionProperties) = preSolution
		HideSolutionNode = FALSE
	EndGlobalSection
	GlobalSection(ExtensibilityGlobals) = postSolution
		SolutionGuid = {5943F898-8A2A-4D86-A8BE-FC0C32E600D3}
	EndGlobalSection
EndGlobal
